
Microsoft Visual Studio Solution File, Format Version 12.00
# Visual Studio Version 17
VisualStudioVersion = 17.5.002.0
MinimumVisualStudioVersion = 10.0.40219.1
Project("{9A19103F-16F7-4668-BE54-9A1E7A4F7556}") = "task10", "task10.csproj", "{12D98252-893A-4081-9C41-714708FFA732}"
EndProject
Global
	GlobalSection(SolutionConfigurationPlatforms) = preSolution
		Debug|Any CPU = Debug|Any CPU
		Release|Any CPU = Release|Any CPU
	EndGlobalSection
	GlobalSection(ProjectConfigurationPlatforms) = postSolution
		{12D98252-893A-4081-9C41-714708FFA732}.Debug|Any CPU.ActiveCfg = Debug|Any CPU
		{12D98252-893A-4081-9C41-714708FFA732}.Debug|Any CPU.Build.0 = Debug|Any CPU
		{12D98252-893A-4081-9C41-714708FFA732}.Release|Any CPU.ActiveCfg = Release|Any CPU
		{12D98252-893A-4081-9C41-714708FFA732}.Release|Any CPU.Build.0 = Release|Any CPU
	EndGlobalSection
	GlobalSection(SolutionProperties) = preSolution
		HideSolutionNode = FALSE
	EndGlobalSection
	GlobalSection(ExtensibilityGlobals) = postSolution
		SolutionGuid = {B7981F5D-B28A-48BE-8D6F-9940845EE94A}
	EndGlobalSection
EndGlobal
